
Microsoft Visual Studio Solution File, Format Version 12.00
# Visual Studio Version 16
VisualStudioVersion = 16.0.31402.337
MinimumVisualStudioVersion = 10.0.40219.1
Project("{FAE04EC0-301F-11D3-BF4B-00C04F79EFBC}") = "Compact.Services.Api", "Compact.Services.Api\Compact.Services.Api.csproj", "{6740FA2E-4343-423D-B643-193ABD8BB3EA}"
EndProject
Global
	GlobalSection(SolutionConfigurationPlatforms) = preSolution
		Debug|Any CPU = Debug|Any CPU
		Release|Any CPU = Release|Any CPU
	EndGlobalSection
	GlobalSection(ProjectConfigurationPlatforms) = postSolution
		{6740FA2E-4343-423D-B643-193ABD8BB3EA}.Debug|Any CPU.ActiveCfg = Debug|Any CPU
		{6740FA2E-4343-423D-B643-193ABD8BB3EA}.Debug|Any CPU.Build.0 = Debug|Any CPU
		{6740FA2E-4343-423D-B643-193ABD8BB3EA}.Release|Any CPU.ActiveCfg = Release|Any CPU
		{6740FA2E-4343-423D-B643-193ABD8BB3EA}.Release|Any CPU.Build.0 = Release|Any CPU
	EndGlobalSection
	GlobalSection(SolutionProperties) = preSolution
		HideSolutionNode = FALSE
	EndGlobalSection
	GlobalSection(ExtensibilityGlobals) = postSolution
		SolutionGuid = {8ED991DC-C771-476A-B098-1C4A45966352}
	EndGlobalSection
EndGlobal
